// !$*UTF8*$!
{
	archiveVersion = 1;
	classes = {
	};
	objectVersion = 46;
	objects = {

/* Begin PBXBuildFile section */
		9606D5281B60654B00C402C5 /* InterfaceController.swift in Sources */ = {isa = PBXBuildFile; fileRef = 9606D5271B60654B00C402C5 /* InterfaceController.swift */; };
		9606D52A1B60654B00C402C5 /* Images.xcassets in Resources */ = {isa = PBXBuildFile; fileRef = 9606D5291B60654B00C402C5 /* Images.xcassets */; };
		9606D52E1B60654B00C402C5 /* SoundBoardz WatchKit App.app in Resources */ = {isa = PBXBuildFile; fileRef = 9606D52D1B60654B00C402C5 /* SoundBoardz WatchKit App.app */; };
		9606D5361B60654B00C402C5 /* Interface.storyboard in Resources */ = {isa = PBXBuildFile; fileRef = 9606D5341B60654B00C402C5 /* Interface.storyboard */; };
		9606D5381B60654B00C402C5 /* Images.xcassets in Resources */ = {isa = PBXBuildFile; fileRef = 9606D5371B60654B00C402C5 /* Images.xcassets */; };
		9606D53B1B60654B00C402C5 /* SoundBoardz WatchKit Extension.appex in Embed App Extensions */ = {isa = PBXBuildFile; fileRef = 9606D5231B60654B00C402C5 /* SoundBoardz WatchKit Extension.appex */; settings = {ATTRIBUTES = (RemoveHeadersOnCopy, ); }; };
		9606D5441B606A6E00C402C5 /* suspense.wav in Resources */ = {isa = PBXBuildFile; fileRef = 9606D5431B606A6E00C402C5 /* suspense.wav */; };
		96F1F0DA1B606374008A9DB6 /* AppDelegate.swift in Sources */ = {isa = PBXBuildFile; fileRef = 96F1F0D91B606374008A9DB6 /* AppDelegate.swift */; };
		96F1F0DC1B606374008A9DB6 /* ViewController.swift in Sources */ = {isa = PBXBuildFile; fileRef = 96F1F0DB1B606374008A9DB6 /* ViewController.swift */; };
		96F1F0DF1B606374008A9DB6 /* Main.storyboard in Resources */ = {isa = PBXBuildFile; fileRef = 96F1F0DD1B606374008A9DB6 /* Main.storyboard */; };
		96F1F0E11B606374008A9DB6 /* Images.xcassets in Resources */ = {isa = PBXBuildFile; fileRef = 96F1F0E01B606374008A9DB6 /* Images.xcassets */; };
		96F1F0E41B606374008A9DB6 /* LaunchScreen.xib in Resources */ = {isa = PBXBuildFile; fileRef = 96F1F0E21B606374008A9DB6 /* LaunchScreen.xib */; };
		96F1F0F01B606374008A9DB6 /* SoundBoardzTests.swift in Sources */ = {isa = PBXBuildFile; fileRef = 96F1F0EF1B606374008A9DB6 /* SoundBoardzTests.swift */; };
/* End PBXBuildFile section */

/* Begin PBXContainerItemProxy section */
		9606D52F1B60654B00C402C5 /* PBXContainerItemProxy */ = {
			isa = PBXContainerItemProxy;
			containerPortal = 96F1F0CC1B606374008A9DB6 /* Project object */;
			proxyType = 1;
			remoteGlobalIDString = 9606D52C1B60654B00C402C5;
			remoteInfo = "SoundBoardz WatchKit App";
		};
		9606D5391B60654B00C402C5 /* PBXContainerItemProxy */ = {
			isa = PBXContainerItemProxy;
			containerPortal = 96F1F0CC1B606374008A9DB6 /* Project object */;
			proxyType = 1;
			remoteGlobalIDString = 9606D5221B60654B00C402C5;
			remoteInfo = "SoundBoardz WatchKit Extension";
		};
		96F1F0EA1B606374008A9DB6 /* PBXContainerItemProxy */ = {
			isa = PBXContainerItemProxy;
			containerPortal = 96F1F0CC1B606374008A9DB6 /* Project object */;
			proxyType = 1;
			remoteGlobalIDString = 96F1F0D31B606374008A9DB6;
			remoteInfo = SoundBoardz;
		};
/* End PBXContainerItemProxy section */

/* Begin PBXCopyFilesBuildPhase section */
		9606D5421B60654B00C402C5 /* Embed App Extensions */ = {
			isa = PBXCopyFilesBuildPhase;
			buildActionMask = 2147483647;
			dstPath = "";
			dstSubfolderSpec = 13;
			files = (
				9606D53B1B60654B00C402C5 /* SoundBoardz WatchKit Extension.appex in Embed App Extensions */,
			);
			name = "Embed App Extensions";
			runOnlyForDeploymentPostprocessing = 0;
		};
/* End PBXCopyFilesBuildPhase section */

/* Begin PBXFileReference section */
		9606D5231B60654B00C402C5 /* SoundBoardz WatchKit Extension.appex */ = {isa = PBXFileReference; explicitFileType = "wrapper.app-extension"; includeInIndex = 0; path = "SoundBoardz WatchKit Extension.appex"; sourceTree = BUILT_PRODUCTS_DIR; };
		9606D5261B60654B00C402C5 /* Info.plist */ = {isa = PBXFileReference; lastKnownFileType = text.plist.xml; path = Info.plist; sourceTree = "<group>"; };
		9606D5271B60654B00C402C5 /* InterfaceController.swift */ = {isa = PBXFileReference; lastKnownFileType = sourcecode.swift; path = InterfaceController.swift; sourceTree = "<group>"; };
		9606D5291B60654B00C402C5 /* Images.xcassets */ = {isa = PBXFileReference; lastKnownFileType = folder.assetcatalog; path = Images.xcassets; sourceTree = "<group>"; };
		9606D52D1B60654B00C402C5 /* SoundBoardz WatchKit App.app */ = {isa = PBXFileReference; explicitFileType = wrapper.application; includeInIndex = 0; path = "SoundBoardz WatchKit App.app"; sourceTree = BUILT_PRODUCTS_DIR; };
		9606D5331B60654B00C402C5 /* Info.plist */ = {isa = PBXFileReference; lastKnownFileType = text.plist.xml; path = Info.plist; sourceTree = "<group>"; };
		9606D5351B60654B00C402C5 /* Base */ = {isa = PBXFileReference; lastKnownFileType = file.storyboard; name = Base; path = Base.lproj/Interface.storyboard; sourceTree = "<group>"; };
		9606D5371B60654B00C402C5 /* Images.xcassets */ = {isa = PBXFileReference; lastKnownFileType = folder.assetcatalog; path = Images.xcassets; sourceTree = "<group>"; };
		9606D5431B606A6E00C402C5 /* suspense.wav */ = {isa = PBXFileReference; lastKnownFileType = audio.wav; path = suspense.wav; sourceTree = "<group>"; };
		96F1F0D41B606374008A9DB6 /* SoundBoardz.app */ = {isa = PBXFileReference; explicitFileType = wrapper.application; includeInIndex = 0; path = SoundBoardz.app; sourceTree = BUILT_PRODUCTS_DIR; };
		96F1F0D81B606374008A9DB6 /* Info.plist */ = {isa = PBXFileReference; lastKnownFileType = text.plist.xml; path = Info.plist; sourceTree = "<group>"; };
		96F1F0D91B606374008A9DB6 /* AppDelegate.swift */ = {isa = PBXFileReference; lastKnownFileType = sourcecode.swift; path = AppDelegate.swift; sourceTree = "<group>"; };
		96F1F0DB1B606374008A9DB6 /* ViewController.swift */ = {isa = PBXFileReference; lastKnownFileType = sourcecode.swift; path = ViewController.swift; sourceTree = "<group>"; };
		96F1F0DE1B606374008A9DB6 /* Base */ = {isa = PBXFileReference; lastKnownFileType = file.storyboard; name = Base; path = Base.lproj/Main.storyboard; sourceTree = "<group>"; };
		96F1F0E01B606374008A9DB6 /* Images.xcassets */ = {isa = PBXFileReference; lastKnownFileType = folder.assetcatalog; path = Images.xcassets; sourceTree = "<group>"; };
		96F1F0E31B606374008A9DB6 /* Base */ = {isa = PBXFileReference; lastKnownFileType = file.xib; name = Base; path = Base.lproj/LaunchScreen.xib; sourceTree = "<group>"; };
		96F1F0E91B606374008A9DB6 /* SoundBoardzTests.xctest */ = {isa = PBXFileReference; explicitFileType = wrapper.cfbundle; includeInIndex = 0; path = SoundBoardzTests.xctest; sourceTree = BUILT_PRODUCTS_DIR; };
		96F1F0EE1B606374008A9DB6 /* Info.plist */ = {isa = PBXFileReference; lastKnownFileType = text.plist.xml; path = Info.plist; sourceTree = "<group>"; };
		96F1F0EF1B606374008A9DB6 /* SoundBoardzTests.swift */ = {isa = PBXFileReference; lastKnownFileType = sourcecode.swift; path = SoundBoardzTests.swift; sourceTree = "<group>"; };
/* End PBXFileReference section */

/* Begin PBXFrameworksBuildPhase section */
		9606D5201B60654B00C402C5 /* Frameworks */ = {
			isa = PBXFrameworksBuildPhase;
			buildActionMask = 2147483647;
			files = (
			);
			runOnlyForDeploymentPostprocessing = 0;
		};
		96F1F0D11B606374008A9DB6 /* Frameworks */ = {
			isa = PBXFrameworksBuildPhase;
			buildActionMask = 2147483647;
			files = (
			);
			runOnlyForDeploymentPostprocessing = 0;
		};
		96F1F0E61B606374008A9DB6 /* Frameworks */ = {
			isa = PBXFrameworksBuildPhase;
			buildActionMask = 2147483647;
			files = (
			);
			runOnlyForDeploymentPostprocessing = 0;
		};
/* End PBXFrameworksBuildPhase section */

/* Begin PBXGroup section */
		9606D5241B60654B00C402C5 /* SoundBoardz WatchKit Extension */ = {
			isa = PBXGroup;
			children = (
				9606D5271B60654B00C402C5 /* InterfaceController.swift */,
				9606D5291B60654B00C402C5 /* Images.xcassets */,
				9606D5251B60654B00C402C5 /* Supporting Files */,
			);
			path = "SoundBoardz WatchKit Extension";
			sourceTree = "<group>";
		};
		9606D5251B60654B00C402C5 /* Supporting Files */ = {
			isa = PBXGroup;
			children = (
				9606D5261B60654B00C402C5 /* Info.plist */,
			);
			name = "Supporting Files";
			sourceTree = "<group>";
		};
		9606D5311B60654B00C402C5 /* SoundBoardz WatchKit App */ = {
			isa = PBXGroup;
			children = (
				9606D5341B60654B00C402C5 /* Interface.storyboard */,
				9606D5371B60654B00C402C5 /* Images.xcassets */,
				9606D5321B60654B00C402C5 /* Supporting Files */,
			);
			path = "SoundBoardz WatchKit App";
			sourceTree = "<group>";
		};
		9606D5321B60654B00C402C5 /* Supporting Files */ = {
			isa = PBXGroup;
			children = (
				9606D5331B60654B00C402C5 /* Info.plist */,
			);
			name = "Supporting Files";
			sourceTree = "<group>";
		};
		96F1F0CB1B606374008A9DB6 = {
			isa = PBXGroup;
			children = (
				96F1F0D61B606374008A9DB6 /* SoundBoardz */,
				96F1F0EC1B606374008A9DB6 /* SoundBoardzTests */,
				9606D5241B60654B00C402C5 /* SoundBoardz WatchKit Extension */,
				9606D5311B60654B00C402C5 /* SoundBoardz WatchKit App */,
				96F1F0D51B606374008A9DB6 /* Products */,
			);
			sourceTree = "<group>";
		};
		96F1F0D51B606374008A9DB6 /* Products */ = {
			isa = PBXGroup;
			children = (
				96F1F0D41B606374008A9DB6 /* SoundBoardz.app */,
				96F1F0E91B606374008A9DB6 /* SoundBoardzTests.xctest */,
				9606D5231B60654B00C402C5 /* SoundBoardz WatchKit Extension.appex */,
				9606D52D1B60654B00C402C5 /* SoundBoardz WatchKit App.app */,
			);
			name = Products;
			sourceTree = "<group>";
		};
		96F1F0D61B606374008A9DB6 /* SoundBoardz */ = {
			isa = PBXGroup;
			children = (
				96F1F0D91B606374008A9DB6 /* AppDelegate.swift */,
				96F1F0DB1B606374008A9DB6 /* ViewController.swift */,
				96F1F0DD1B606374008A9DB6 /* Main.storyboard */,
				96F1F0E01B606374008A9DB6 /* Images.xcassets */,
				96F1F0E21B606374008A9DB6 /* LaunchScreen.xib */,
				96F1F0D71B606374008A9DB6 /* Supporting Files */,
			);
			path = SoundBoardz;
			sourceTree = "<group>";
		};
		96F1F0D71B606374008A9DB6 /* Supporting Files */ = {
			isa = PBXGroup;
			children = (
				9606D5431B606A6E00C402C5 /* suspense.wav */,
				96F1F0D81B606374008A9DB6 /* Info.plist */,
			);
			name = "Supporting Files";
			sourceTree = "<group>";
		};
		96F1F0EC1B606374008A9DB6 /* SoundBoardzTests */ = {
			isa = PBXGroup;
			children = (
				96F1F0EF1B606374008A9DB6 /* SoundBoardzTests.swift */,
				96F1F0ED1B606374008A9DB6 /* Supporting Files */,
			);
			path = SoundBoardzTests;
			sourceTree = "<group>";
		};
		96F1F0ED1B606374008A9DB6 /* Supporting Files */ = {
			isa = PBXGroup;
			children = (
				96F1F0EE1B606374008A9DB6 /* Info.plist */,
			);
			name = "Supporting Files";
			sourceTree = "<group>";
		};
/* End PBXGroup section */

/* Begin PBXNativeTarget section */
		9606D5221B60654B00C402C5 /* SoundBoardz WatchKit Extension */ = {
			isa = PBXNativeTarget;
			buildConfigurationList = 9606D5411B60654B00C402C5 /* Build configuration list for PBXNativeTarget "SoundBoardz WatchKit Extension" */;
			buildPhases = (
				9606D51F1B60654B00C402C5 /* Sources */,
				9606D5201B60654B00C402C5 /* Frameworks */,
				9606D5211B60654B00C402C5 /* Resources */,
			);
			buildRules = (
			);
			dependencies = (
				9606D5301B60654B00C402C5 /* PBXTargetDependency */,
			);
			name = "SoundBoardz WatchKit Extension";
			productName = "SoundBoardz WatchKit Extension";
			productReference = 9606D5231B60654B00C402C5 /* SoundBoardz WatchKit Extension.appex */;
			productType = "com.apple.product-type.watchkit-extension";
		};
		9606D52C1B60654B00C402C5 /* SoundBoardz WatchKit App */ = {
			isa = PBXNativeTarget;
			buildConfigurationList = 9606D5401B60654B00C402C5 /* Build configuration list for PBXNativeTarget "SoundBoardz WatchKit App" */;
			buildPhases = (
				9606D52B1B60654B00C402C5 /* Resources */,
			);
			buildRules = (
			);
			dependencies = (
			);
			name = "SoundBoardz WatchKit App";
			productName = "SoundBoardz WatchKit App";
			productReference = 9606D52D1B60654B00C402C5 /* SoundBoardz WatchKit App.app */;
			productType = "com.apple.product-type.application.watchapp";
		};
		96F1F0D31B606374008A9DB6 /* SoundBoardz */ = {
			isa = PBXNativeTarget;
			buildConfigurationList = 96F1F0F31B606374008A9DB6 /* Build configuration list for PBXNativeTarget "SoundBoardz" */;
			buildPhases = (
				96F1F0D01B606374008A9DB6 /* Sources */,
				96F1F0D11B606374008A9DB6 /* Frameworks */,
				96F1F0D21B606374008A9DB6 /* Resources */,
				9606D5421B60654B00C402C5 /* Embed App Extensions */,
			);
			buildRules = (
			);
			dependencies = (
				9606D53A1B60654B00C402C5 /* PBXTargetDependency */,
			);
			name = SoundBoardz;
			productName = SoundBoardz;
			productReference = 96F1F0D41B606374008A9DB6 /* SoundBoardz.app */;
			productType = "com.apple.product-type.application";
		};
		96F1F0E81B606374008A9DB6 /* SoundBoardzTests */ = {
			isa = PBXNativeTarget;
			buildConfigurationList = 96F1F0F61B606374008A9DB6 /* Build configuration list for PBXNativeTarget "SoundBoardzTests" */;
			buildPhases = (
				96F1F0E51B606374008A9DB6 /* Sources */,
				96F1F0E61B606374008A9DB6 /* Frameworks */,
				96F1F0E71B606374008A9DB6 /* Resources */,
			);
			buildRules = (
			);
			dependencies = (
				96F1F0EB1B606374008A9DB6 /* PBXTargetDependency */,
			);
			name = SoundBoardzTests;
			productName = SoundBoardzTests;
			productReference = 96F1F0E91B606374008A9DB6 /* SoundBoardzTests.xctest */;
			productType = "com.apple.product-type.bundle.unit-test";
		};
/* End PBXNativeTarget section */

/* Begin PBXProject section */
		96F1F0CC1B606374008A9DB6 /* Project object */ = {
			isa = PBXProject;
			attributes = {
				LastUpgradeCheck = 0630;
				ORGANIZATIONNAME = "Caroline Dikibo";
				TargetAttributes = {
					9606D5221B60654B00C402C5 = {
						CreatedOnToolsVersion = 6.3.1;
					};
					9606D52C1B60654B00C402C5 = {
						CreatedOnToolsVersion = 6.3.1;
					};
					96F1F0D31B606374008A9DB6 = {
						CreatedOnToolsVersion = 6.3.1;
						SystemCapabilities = {
							com.apple.BackgroundModes = {
								enabled = 1;
							};
						};
					};
					96F1F0E81B606374008A9DB6 = {
						CreatedOnToolsVersion = 6.3.1;
						TestTargetID = 96F1F0D31B606374008A9DB6;
					};
				};
			};
			buildConfigurationList = 96F1F0CF1B606374008A9DB6 /* Build configuration list for PBXProject "SoundBoardz" */;
			compatibilityVersion = "Xcode 3.2";
			developmentRegion = English;
			hasScannedForEncodings = 0;
			knownRegions = (
				en,
				Base,
			);
			mainGroup = 96F1F0CB1B606374008A9DB6;
			productRefGroup = 96F1F0D51B606374008A9DB6 /* Products */;
			projectDirPath = "";
			projectRoot = "";
			targets = (
				96F1F0D31B606374008A9DB6 /* SoundBoardz */,
				96F1F0E81B606374008A9DB6 /* SoundBoardzTests */,
				9606D5221B60654B00C402C5 /* SoundBoardz WatchKit Extension */,
				9606D52C1B60654B00C402C5 /* SoundBoardz WatchKit App */,
			);
		};
/* End PBXProject section */

/* Begin PBXResourcesBuildPhase section */
		9606D5211B60654B00C402C5 /* Resources */ = {
			isa = PBXResourcesBuildPhase;
			buildActionMask = 2147483647;
			files = (
				9606D52E1B60654B00C402C5 /* SoundBoardz WatchKit App.app in Resources */,
				9606D52A1B60654B00C402C5 /* Images.xcassets in Resources */,
			);
			runOnlyForDeploymentPostprocessing = 0;
		};
		9606D52B1B60654B00C402C5 /* Resources */ = {
			isa = PBXResourcesBuildPhase;
			buildActionMask = 2147483647;
			files = (
				9606D5361B60654B00C402C5 /* Interface.storyboard in Resources */,
				9606D5381B60654B00C402C5 /* Images.xcassets in Resources */,
			);
			runOnlyForDeploymentPostprocessing = 0;
		};
		96F1F0D21B606374008A9DB6 /* Resources */ = {
			isa = PBXResourcesBuildPhase;
			buildActionMask = 2147483647;
			files = (
				9606D5441B606A6E00C402C5 /* suspense.wav in Resources */,
				96F1F0DF1B606374008A9DB6 /* Main.storyboard in Resources */,
				96F1F0E41B606374008A9DB6 /* LaunchScreen.xib in Resources */,
				96F1F0E11B606374008A9DB6 /* Images.xcassets in Resources */,
			);
			runOnlyForDeploymentPostprocessing = 0;
		};
		96F1F0E71B606374008A9DB6 /* Resources */ = {
			isa = PBXResourcesBuildPhase;
			buildActionMask = 2147483647;
			files = (
			);
			runOnlyForDeploymentPostprocessing = 0;
		};
/* End PBXResourcesBuildPhase section */

/* Begin PBXSourcesBuildPhase section */
		9606D51F1B60654B00C402C5 /* Sources */ = {
			isa = PBXSourcesBuildPhase;
			buildActionMask = 2147483647;
			files = (
				9606D5281B60654B00C402C5 /* InterfaceController.swift in Sources */,
			);
			runOnlyForDeploymentPostprocessing = 0;
		};
		96F1F0D01B606374008A9DB6 /* Sources */ = {
			isa = PBXSourcesBuildPhase;
			buildActionMask = 2147483647;
			files = (
				96F1F0DC1B606374008A9DB6 /* ViewController.swift in Sources */,
				96F1F0DA1B606374008A9DB6 /* AppDelegate.swift in Sources */,
			);
			runOnlyForDeploymentPostprocessing = 0;
		};
		96F1F0E51B606374008A9DB6 /* Sources */ = {
			isa = PBXSourcesBuildPhase;
			buildActionMask = 2147483647;
			files = (
				96F1F0F01B606374008A9DB6 /* SoundBoardzTests.swift in Sources */,
			);
			runOnlyForDeploymentPostprocessing = 0;
		};
/* End PBXSourcesBuildPhase section */

/* Begin PBXTargetDependency section */
		9606D5301B60654B00C402C5 /* PBXTargetDependency */ = {
			isa = PBXTargetDependency;
			target = 9606D52C1B60654B00C402C5 /* SoundBoardz WatchKit App */;
			targetProxy = 9606D52F1B60654B00C402C5 /* PBXContainerItemProxy */;
		};
		9606D53A1B60654B00C402C5 /* PBXTargetDependency */ = {
			isa = PBXTargetDependency;
			target = 9606D5221B60654B00C402C5 /* SoundBoardz WatchKit Extension */;
			targetProxy = 9606D5391B60654B00C402C5 /* PBXContainerItemProxy */;
		};
		96F1F0EB1B606374008A9DB6 /* PBXTargetDependency */ = {
			isa = PBXTargetDependency;
			target = 96F1F0D31B606374008A9DB6 /* SoundBoardz */;
			targetProxy = 96F1F0EA1B606374008A9DB6 /* PBXContainerItemProxy */;
		};
/* End PBXTargetDependency section */

/* Begin PBXVariantGroup section */
		9606D5341B60654B00C402C5 /* Interface.storyboard */ = {
			isa = PBXVariantGroup;
			children = (
				9606D5351B60654B00C402C5 /* Base */,
			);
			name = Interface.storyboard;
			sourceTree = "<group>";
		};
		96F1F0DD1B606374008A9DB6 /* Main.storyboard */ = {
			isa = PBXVariantGroup;
			children = (
				96F1F0DE1B606374008A9DB6 /* Base */,
			);
			name = Main.storyboard;
			sourceTree = "<group>";
		};
		96F1F0E21B606374008A9DB6 /* LaunchScreen.xib */ = {
			isa = PBXVariantGroup;
			children = (
				96F1F0E31B606374008A9DB6 /* Base */,
			);
			name = LaunchScreen.xib;
			sourceTree = "<group>";
		};
/* End PBXVariantGroup section */

/* Begin XCBuildConfiguration section */
		9606D53C1B60654B00C402C5 /* Debug */ = {
			isa = XCBuildConfiguration;
			buildSettings = {
				GCC_PREPROCESSOR_DEFINITIONS = (
					"DEBUG=1",
					"$(inherited)",
				);
				INFOPLIST_FILE = "SoundBoardz WatchKit Extension/Info.plist";
				LD_RUNPATH_SEARCH_PATHS = "$(inherited) @executable_path/Frameworks @executable_path/../../Frameworks";
				PRODUCT_NAME = "${TARGET_NAME}";
				SKIP_INSTALL = YES;
			};
			name = Debug;
		};
		9606D53D1B60654B00C402C5 /* Release */ = {
			isa = XCBuildConfiguration;
			buildSettings = {
				INFOPLIST_FILE = "SoundBoardz WatchKit Extension/Info.plist";
				LD_RUNPATH_SEARCH_PATHS = "$(inherited) @executable_path/Frameworks @executable_path/../../Frameworks";
				PRODUCT_NAME = "${TARGET_NAME}";
				SKIP_INSTALL = YES;
			};
			name = Release;
		};
		9606D53E1B60654B00C402C5 /* Debug */ = {
			isa = XCBuildConfiguration;
			buildSettings = {
				ASSETCATALOG_COMPILER_APPICON_NAME = AppIcon;
				GCC_PREPROCESSOR_DEFINITIONS = (
					"DEBUG=1",
					"$(inherited)",
				);
				IBSC_MODULE = SoundBoardz_WatchKit_Extension;
				INFOPLIST_FILE = "SoundBoardz WatchKit App/Info.plist";
				IPHONEOS_DEPLOYMENT_TARGET = 8.2;
				PRODUCT_NAME = "$(TARGET_NAME)";
				SKIP_INSTALL = YES;
				TARGETED_DEVICE_FAMILY = 4;
				"TARGETED_DEVICE_FAMILY[sdk=iphonesimulator*]" = "1,4";
			};
			name = Debug;
		};
		9606D53F1B60654B00C402C5 /* Release */ = {
			isa = XCBuildConfiguration;
			buildSettings = {
				ASSETCATALOG_COMPILER_APPICON_NAME = AppIcon;
				IBSC_MODULE = SoundBoardz_WatchKit_Extension;
				INFOPLIST_FILE = "SoundBoardz WatchKit App/Info.plist";
				IPHONEOS_DEPLOYMENT_TARGET = 8.2;
				PRODUCT_NAME = "$(TARGET_NAME)";
				SKIP_INSTALL = YES;
				TARGETED_DEVICE_FAMILY = 4;
				"TARGETED_DEVICE_FAMILY[sdk=iphonesimulator*]" = "1,4";
			};
			name = Release;
		};
		96F1F0F11B606374008A9DB6 /* Debug */ = {
			isa = XCBuildConfiguration;
			buildSettings = {
				ALWAYS_SEARCH_USER_PATHS = NO;
				CLANG_CXX_LANGUAGE_STANDARD = "gnu++0x";
				CLANG_CXX_LIBRARY = "libc++";
				CLANG_ENABLE_MODULES = YES;
				CLANG_ENABLE_OBJC_ARC = YES;
				CLANG_WARN_BOOL_CONVERSION = YES;
				CLANG_WARN_CONSTANT_CONVERSION = YES;
				CLANG_WARN_DIRECT_OBJC_ISA_USAGE = YES_ERROR;
				CLANG_WARN_EMPTY_BODY = YES;
				CLANG_WARN_ENUM_CONVERSION = YES;
				CLANG_WARN_INT_CONVERSION = YES;
				CLANG_WARN_OBJC_ROOT_CLASS = YES_ERROR;
				CLANG_WARN_UNREACHABLE_CODE = YES;
				CLANG_WARN__DUPLICATE_METHOD_MATCH = YES;
				"CODE_SIGN_IDENTITY[sdk=iphoneos*]" = "iPhone Developer";
				COPY_PHASE_STRIP = NO;
				DEBUG_INFORMATION_FORMAT = "dwarf-with-dsym";
				ENABLE_STRICT_OBJC_MSGSEND = YES;
				GCC_C_LANGUAGE_STANDARD = gnu99;
				GCC_DYNAMIC_NO_PIC = NO;
				GCC_NO_COMMON_BLOCKS = YES;
				GCC_OPTIMIZATION_LEVEL = 0;
				GCC_PREPROCESSOR_DEFINITIONS = (
					"DEBUG=1",
					"$(inherited)",
				);
				GCC_SYMBOLS_PRIVATE_EXTERN = NO;
				GCC_WARN_64_TO_32_BIT_CONVERSION = YES;
				GCC_WARN_ABOUT_RETURN_TYPE = YES_ERROR;
				GCC_WARN_UNDECLARED_SELECTOR = YES;
				GCC_WARN_UNINITIALIZED_AUTOS = YES_AGGRESSIVE;
				GCC_WARN_UNUSED_FUNCTION = YES;
				GCC_WARN_UNUSED_VARIABLE = YES;
				IPHONEOS_DEPLOYMENT_TARGET = 8.3;
				MTL_ENABLE_DEBUG_INFO = YES;
				ONLY_ACTIVE_ARCH = YES;
				SDKROOT = iphoneos;
				SWIFT_OPTIMIZATION_LEVEL = "-Onone";
			};
			name = Debug;
		};
		96F1F0F21B606374008A9DB6 /* Release */ = {
			isa = XCBuildConfiguration;
			buildSettings = {
				ALWAYS_SEARCH_USER_PATHS = NO;
				CLANG_CXX_LANGUAGE_STANDARD = "gnu++0x";
				CLANG_CXX_LIBRARY = "libc++";
				CLANG_ENABLE_MODULES = YES;
				CLANG_ENABLE_OBJC_ARC = YES;
				CLANG_WARN_BOOL_CONVERSION = YES;
				CLANG_WARN_CONSTANT_CONVERSION = YES;
				CLANG_WARN_DIRECT_OBJC_ISA_USAGE = YES_ERROR;
				CLANG_WARN_EMPTY_BODY = YES;
				CLANG_WARN_ENUM_CONVERSION = YES;
				CLANG_WARN_INT_CONVERSION = YES;
				CLANG_WARN_OBJC_ROOT_CLASS = YES_ERROR;
				CLANG_WARN_UNREACHABLE_CODE = YES;
				CLANG_WARN__DUPLICATE_METHOD_MATCH = YES;
				"CODE_SIGN_IDENTITY[sdk=iphoneos*]" = "iPhone Developer";
				COPY_PHASE_STRIP = NO;
				DEBUG_INFORMATION_FORMAT = "dwarf-with-dsym";
				ENABLE_NS_ASSERTIONS = NO;
				ENABLE_STRICT_OBJC_MSGSEND = YES;
				GCC_C_LANGUAGE_STANDARD = gnu99;
				GCC_NO_COMMON_BLOCKS = YES;
				GCC_WARN_64_TO_32_BIT_CONVERSION = YES;
				GCC_WARN_ABOUT_RETURN_TYPE = YES_ERROR;
				GCC_WARN_UNDECLARED_SELECTOR = YES;
				GCC_WARN_UNINITIALIZED_AUTOS = YES_AGGRESSIVE;
				GCC_WARN_UNUSED_FUNCTION = YES;
				GCC_WARN_UNUSED_VARIABLE = YES;
				IPHONEOS_DEPLOYMENT_TARGET = 8.3;
				MTL_ENABLE_DEBUG_INFO = NO;
				SDKROOT = iphoneos;
				VALIDATE_PRODUCT = YES;
			};
			name = Release;
		};
		96F1F0F41B606374008A9DB6 /* Debug */ = {
			isa = XCBuildConfiguration;
			buildSettings = {
				ASSETCATALOG_COMPILER_APPICON_NAME = AppIcon;
				INFOPLIST_FILE = SoundBoardz/Info.plist;
				LD_RUNPATH_SEARCH_PATHS = "$(inherited) @executable_path/Frameworks";
				PRODUCT_NAME = "$(TARGET_NAME)";
			};
			name = Debug;
		};
		96F1F0F51B606374008A9DB6 /* Release */ = {
			isa = XCBuildConfiguration;
			buildSettings = {
				ASSETCATALOG_COMPILER_APPICON_NAME = AppIcon;
				INFOPLIST_FILE = SoundBoardz/Info.plist;
				LD_RUNPATH_SEARCH_PATHS = "$(inherited) @executable_path/Frameworks";
				PRODUCT_NAME = "$(TARGET_NAME)";
			};
			name = Release;
		};
		96F1F0F71B606374008A9DB6 /* Debug */ = {
			isa = XCBuildConfiguration;
			buildSettings = {
				BUNDLE_LOADER = "$(TEST_HOST)";
				FRAMEWORK_SEARCH_PATHS = (
					"$(SDKROOT)/Developer/Library/Frameworks",
					"$(inherited)",
				);
				GCC_PREPROCESSOR_DEFINITIONS = (
					"DEBUG=1",
					"$(inherited)",
				);
				INFOPLIST_FILE = SoundBoardzTests/Info.plist;
				LD_RUNPATH_SEARCH_PATHS = "$(inherited) @executable_path/Frameworks @loader_path/Frameworks";
				PRODUCT_NAME = "$(TARGET_NAME)";
				TEST_HOST = "$(BUILT_PRODUCTS_DIR)/SoundBoardz.app/SoundBoardz";
			};
			name = Debug;
		};
		96F1F0F81B606374008A9DB6 /* Release */ = {
			isa = XCBuildConfiguration;
			buildSettings = {
				BUNDLE_LOADER = "$(TEST_HOST)";
				FRAMEWORK_SEARCH_PATHS = (
					"$(SDKROOT)/Developer/Library/Frameworks",
					"$(inherited)",
				);
				INFOPLIST_FILE = SoundBoardzTests/Info.plist;
				LD_RUNPATH_SEARCH_PATHS = "$(inherited) @executable_path/Frameworks @loader_path/Frameworks";
				PRODUCT_NAME = "$(TARGET_NAME)";
				TEST_HOST = "$(BUILT_PRODUCTS_DIR)/SoundBoardz.app/SoundBoardz";
			};
			name = Release;
		};
/* End XCBuildConfiguration section */

/* Begin XCConfigurationList section */
		9606D5401B60654B00C402C5 /* Build configuration list for PBXNativeTarget "SoundBoardz WatchKit App" */ = {
			isa = XCConfigurationList;
			buildConfigurations = (
				9606D53E1B60654B00C402C5 /* Debug */,
				9606D53F1B60654B00C402C5 /* Release */,
			);
			defaultConfigurationIsVisible = 0;
		};
		9606D5411B60654B00C402C5 /* Build configuration list for PBXNativeTarget "SoundBoardz WatchKit Extension" */ = {
			isa = XCConfigurationList;
			buildConfigurations = (
				9606D53C1B60654B00C402C5 /* Debug */,
				9606D53D1B60654B00C402C5 /* Release */,
			);
			defaultConfigurationIsVisible = 0;
		};
		96F1F0CF1B606374008A9DB6 /* Build configuration list for PBXProject "SoundBoardz" */ = {
			isa = XCConfigurationList;
			buildConfigurations = (
				96F1F0F11B606374008A9DB6 /* Debug */,
				96F1F0F21B606374008A9DB6 /* Release */,
			);
			defaultConfigurationIsVisible = 0;
			defaultConfigurationName = Release;
		};
		96F1F0F31B606374008A9DB6 /* Build configuration list for PBXNativeTarget "SoundBoardz" */ = {
			isa = XCConfigurationList;
			buildConfigurations = (
				96F1F0F41B606374008A9DB6 /* Debug */,
				96F1F0F51B606374008A9DB6 /* Release */,
			);
			defaultConfigurationIsVisible = 0;
			defaultConfigurationName = Release;
		};
		96F1F0F61B606374008A9DB6 /* Build configuration list for PBXNativeTarget "SoundBoardzTests" */ = {
			isa = XCConfigurationList;
			buildConfigurations = (
				96F1F0F71B606374008A9DB6 /* Debug */,
				96F1F0F81B606374008A9DB6 /* Release */,
			);
			defaultConfigurationIsVisible = 0;
			defaultConfigurationName = Release;
		};
/* End XCConfigurationList section */
	};
	rootObject = 96F1F0CC1B606374008A9DB6 /* Project object */;
}
